
Microsoft Visual Studio Solution File, Format Version 12.00
# Visual Studio Version 16
VisualStudioVersion = 16.0.33027.164
MinimumVisualStudioVersion = 10.0.40219.1
Project("{FAE04EC0-301F-11D3-BF4B-00C04F79EFBC}") = "Eksamen.S2", "Eksamen.S2\Eksamen.S2.csproj", "{0481AAF2-DE36-4B00-A9A5-CC2180EADE6C}"
EndProject
Project("{FAE04EC0-301F-11D3-BF4B-00C04F79EFBC}") = "Eksamen.S2Tests", "Eksamen.S2Tests\Eksamen.S2Tests.csproj", "{4CC04815-8917-4BF5-9FE0-8E39FD6F0546}"
EndProject
Global
	GlobalSection(SolutionConfigurationPlatforms) = preSolution
		Debug|Any CPU = Debug|Any CPU
		Release|Any CPU = Release|Any CPU
	EndGlobalSection
	GlobalSection(ProjectConfigurationPlatforms) = postSolution
		{0481AAF2-DE36-4B00-A9A5-CC2180EADE6C}.Debug|Any CPU.ActiveCfg = Debug|Any CPU
		{0481AAF2-DE36-4B00-A9A5-CC2180EADE6C}.Debug|Any CPU.Build.0 = Debug|Any CPU
		{0481AAF2-DE36-4B00-A9A5-CC2180EADE6C}.Release|Any CPU.ActiveCfg = Release|Any CPU
		{0481AAF2-DE36-4B00-A9A5-CC2180EADE6C}.Release|Any CPU.Build.0 = Release|Any CPU
		{4CC04815-8917-4BF5-9FE0-8E39FD6F0546}.Debug|Any CPU.ActiveCfg = Debug|Any CPU
		{4CC04815-8917-4BF5-9FE0-8E39FD6F0546}.Debug|Any CPU.Build.0 = Debug|Any CPU
		{4CC04815-8917-4BF5-9FE0-8E39FD6F0546}.Release|Any CPU.ActiveCfg = Release|Any CPU
		{4CC04815-8917-4BF5-9FE0-8E39FD6F0546}.Release|Any CPU.Build.0 = Release|Any CPU
	EndGlobalSection
	GlobalSection(SolutionProperties) = preSolution
		HideSolutionNode = FALSE
	EndGlobalSection
	GlobalSection(ExtensibilityGlobals) = postSolution
		SolutionGuid = {D5A4FCF8-A23A-4579-8993-1C3850CB5A81}
	EndGlobalSection
EndGlobal
